
Microsoft Visual Studio Solution File, Format Version 12.00
# Visual Studio Version 16
VisualStudioVersion = 16.0.30717.126
MinimumVisualStudioVersion = 10.0.40219.1
Project("{FAE04EC0-301F-11D3-BF4B-00C04F79EFBC}") = "list7", "list7\list7.csproj", "{D59CEA07-5F4B-4967-B67F-20FDB0819970}"
EndProject
Global
	GlobalSection(SolutionConfigurationPlatforms) = preSolution
		Debug|Any CPU = Debug|Any CPU
		Release|Any CPU = Release|Any CPU
	EndGlobalSection
	GlobalSection(ProjectConfigurationPlatforms) = postSolution
		{D59CEA07-5F4B-4967-B67F-20FDB0819970}.Debug|Any CPU.ActiveCfg = Debug|Any CPU
		{D59CEA07-5F4B-4967-B67F-20FDB0819970}.Debug|Any CPU.Build.0 = Debug|Any CPU
		{D59CEA07-5F4B-4967-B67F-20FDB0819970}.Release|Any CPU.ActiveCfg = Release|Any CPU
		{D59CEA07-5F4B-4967-B67F-20FDB0819970}.Release|Any CPU.Build.0 = Release|Any CPU
	EndGlobalSection
	GlobalSection(SolutionProperties) = preSolution
		HideSolutionNode = FALSE
	EndGlobalSection
	GlobalSection(ExtensibilityGlobals) = postSolution
		SolutionGuid = {C2F7F399-EA34-4669-8B41-90A78E4A4952}
	EndGlobalSection
EndGlobal
